
Microsoft Visual Studio Solution File, Format Version 12.00
# Visual Studio 15
VisualStudioVersion = 15.0.28307.329
MinimumVisualStudioVersion = 10.0.40219.1
Project("{FAE04EC0-301F-11D3-BF4B-00C04F79EFBC}") = "ProductWebLayer", "ProductWebLayer\ProductWebLayer.csproj", "{D6673B3E-B769-41B6-B6B8-2ECB9B8D1AED}"
EndProject
Project("{FAE04EC0-301F-11D3-BF4B-00C04F79EFBC}") = "ProductDataAccessLayer", "ProductDataAccessLayer\ProductDataAccessLayer.csproj", "{4E6136A9-4BC4-414D-BA4F-4976545C73F4}"
EndProject
Global
	GlobalSection(SolutionConfigurationPlatforms) = preSolution
		Debug|Any CPU = Debug|Any CPU
		Release|Any CPU = Release|Any CPU
	EndGlobalSection
	GlobalSection(ProjectConfigurationPlatforms) = postSolution
		{D6673B3E-B769-41B6-B6B8-2ECB9B8D1AED}.Debug|Any CPU.ActiveCfg = Debug|Any CPU
		{D6673B3E-B769-41B6-B6B8-2ECB9B8D1AED}.Debug|Any CPU.Build.0 = Debug|Any CPU
		{D6673B3E-B769-41B6-B6B8-2ECB9B8D1AED}.Release|Any CPU.ActiveCfg = Release|Any CPU
		{D6673B3E-B769-41B6-B6B8-2ECB9B8D1AED}.Release|Any CPU.Build.0 = Release|Any CPU
		{4E6136A9-4BC4-414D-BA4F-4976545C73F4}.Debug|Any CPU.ActiveCfg = Debug|Any CPU
		{4E6136A9-4BC4-414D-BA4F-4976545C73F4}.Debug|Any CPU.Build.0 = Debug|Any CPU
		{4E6136A9-4BC4-414D-BA4F-4976545C73F4}.Release|Any CPU.ActiveCfg = Release|Any CPU
		{4E6136A9-4BC4-414D-BA4F-4976545C73F4}.Release|Any CPU.Build.0 = Release|Any CPU
	EndGlobalSection
	GlobalSection(SolutionProperties) = preSolution
		HideSolutionNode = FALSE
	EndGlobalSection
	GlobalSection(ExtensibilityGlobals) = postSolution
		SolutionGuid = {D3C8C2E3-843D-4F0D-9E92-42F12CD04C8E}
	EndGlobalSection
EndGlobal
